PODS:
  - SourceKittenFramework (0.19.1):
    - SWXMLHash (~> 4.1)
    - Yams (~> 0.5.0)
  - SwiftLint (0.25.0)
  - SWXMLHash (4.6.0)
  - Yams (0.5.0)

DEPENDENCIES:
  - SourceKittenFramework
  - SwiftLint

SPEC CHECKSUMS:
  SourceKittenFramework: ef76be16e76ffa0a64b00c5eb053e87c6770dcdb
  SwiftLint: e14651157288e9e01d6e1a71db7014fb5744a8ea
  SWXMLHash: 3c39a53723202800e9e1a87f14b2fe7ac1da98ec
  Yams: 58b13424ca380835c4c797bc775ce6cbb3bc0167

PODFILE CHECKSUM: 48eb171345ac81a1173969f0b95893dd4f725bf5

COCOAPODS: 1.4.0
